dependencies:
  espressif/cjson:
    dependencies: []
    source:
      path: components/espressif__cjson
      type: local
    version: 1.7.19~2
  idf:
    source:
      type: idf
    version: 6.0.1
direct_dependencies:
- espressif/cjson
- idf
manifest_hash: 29c34c9581f929024bb28f40cd36d98ac68da4cffeb51e09857a10668446c990
target: esp32
version: 3.0.0
